
Microsoft Visual Studio Solution File, Format Version 12.00
# Visual Studio Version 17
VisualStudioVersion = 17.8.34330.188
MinimumVisualStudioVersion = 10.0.40219.1
Project("{9A19103F-16F7-4668-BE54-9A1E7A4F7556}") = "ZooAnimalManagementSystem.API", "Zoo Animal Management System\ZooAnimalManagementSystem.API.csproj", "{4E1933AE-5471-43C8-BE8C-4AD0EDDA1E36}"
EndProject
Project("{FAE04EC0-301F-11D3-BF4B-00C04F79EFBC}") = "ZooAnimalManagementSystem.DATABASE", "ZooAnimalManagementSystem.DATABASE\ZooAnimalManagementSystem.DATABASE.csproj", "{165ED272-7662-4456-8059-6B1C7C07DB96}"
EndProject
Project("{FAE04EC0-301F-11D3-BF4B-00C04F79EFBC}") = "ZooAnimalManagementSystem.LOGIC", "ZooAnimalManagementSystem.LOGIC\ZooAnimalManagementSystem.LOGIC.csproj", "{EEDEDF86-6CD8-4B2F-A055-60A323CF1EDF}"
EndProject
Global
	GlobalSection(SolutionConfigurationPlatforms) = preSolution
		Debug|Any CPU = Debug|Any CPU
		Release|Any CPU = Release|Any CPU
	EndGlobalSection
	GlobalSection(ProjectConfigurationPlatforms) = postSolution
		{4E1933AE-5471-43C8-BE8C-4AD0EDDA1E36}.Debug|Any CPU.ActiveCfg = Debug|Any CPU
		{4E1933AE-5471-43C8-BE8C-4AD0EDDA1E36}.Debug|Any CPU.Build.0 = Debug|Any CPU
		{4E1933AE-5471-43C8-BE8C-4AD0EDDA1E36}.Release|Any CPU.ActiveCfg = Release|Any CPU
		{4E1933AE-5471-43C8-BE8C-4AD0EDDA1E36}.Release|Any CPU.Build.0 = Release|Any CPU
		{165ED272-7662-4456-8059-6B1C7C07DB96}.Debug|Any CPU.ActiveCfg = Debug|Any CPU
		{165ED272-7662-4456-8059-6B1C7C07DB96}.Debug|Any CPU.Build.0 = Debug|Any CPU
		{165ED272-7662-4456-8059-6B1C7C07DB96}.Release|Any CPU.ActiveCfg = Release|Any CPU
		{165ED272-7662-4456-8059-6B1C7C07DB96}.Release|Any CPU.Build.0 = Release|Any CPU
		{EEDEDF86-6CD8-4B2F-A055-60A323CF1EDF}.Debug|Any CPU.ActiveCfg = Debug|Any CPU
		{EEDEDF86-6CD8-4B2F-A055-60A323CF1EDF}.Debug|Any CPU.Build.0 = Debug|Any CPU
		{EEDEDF86-6CD8-4B2F-A055-60A323CF1EDF}.Release|Any CPU.ActiveCfg = Release|Any CPU
		{EEDEDF86-6CD8-4B2F-A055-60A323CF1EDF}.Release|Any CPU.Build.0 = Release|Any CPU
	EndGlobalSection
	GlobalSection(SolutionProperties) = preSolution
		HideSolutionNode = FALSE
	EndGlobalSection
	GlobalSection(ExtensibilityGlobals) = postSolution
		SolutionGuid = {5B428425-9ED2-4445-AADE-59B5F61198BD}
	EndGlobalSection
EndGlobal
